
Microsoft Visual Studio Solution File, Format Version 12.00
# Visual Studio Version 17
VisualStudioVersion = 17.8.34330.188
MinimumVisualStudioVersion = 10.0.40219.1
Project("{FAE04EC0-301F-11D3-BF4B-00C04F79EFBC}") = "MVC", "MVC\MVC.csproj", "{E864F1D9-73C2-42E7-A04C-E5F18C9AD42C}"
EndProject
Project("{FAE04EC0-301F-11D3-BF4B-00C04F79EFBC}") = "MVC.Tests", "MVC.Tests\MVC.Tests.csproj", "{3C67B858-5ADC-43A9-A01A-FFEC2A7D2E6D}"
EndProject
Project("{FAE04EC0-301F-11D3-BF4B-00C04F79EFBC}") = "SeleniumTests", "SeleniumTests\SeleniumTests.csproj", "{E65907C3-F7DA-4C5B-91D3-55F905EC5439}"
EndProject
Project("{FAE04EC0-301F-11D3-BF4B-00C04F79EFBC}") = "SeleniumTests.Tests", "SeleniumTests.Tests\SeleniumTests.Tests.csproj", "{73A83A3B-08F1-4031-881A-6DBF55849CB3}"
EndProject
Global
	GlobalSection(SolutionConfigurationPlatforms) = preSolution
		Debug|Any CPU = Debug|Any CPU
		Release|Any CPU = Release|Any CPU
	EndGlobalSection
	GlobalSection(ProjectConfigurationPlatforms) = postSolution
		{E864F1D9-73C2-42E7-A04C-E5F18C9AD42C}.Debug|Any CPU.ActiveCfg = Debug|Any CPU
		{E864F1D9-73C2-42E7-A04C-E5F18C9AD42C}.Debug|Any CPU.Build.0 = Debug|Any CPU
		{E864F1D9-73C2-42E7-A04C-E5F18C9AD42C}.Release|Any CPU.ActiveCfg = Release|Any CPU
		{E864F1D9-73C2-42E7-A04C-E5F18C9AD42C}.Release|Any CPU.Build.0 = Release|Any CPU
		{3C67B858-5ADC-43A9-A01A-FFEC2A7D2E6D}.Debug|Any CPU.ActiveCfg = Debug|Any CPU
		{3C67B858-5ADC-43A9-A01A-FFEC2A7D2E6D}.Debug|Any CPU.Build.0 = Debug|Any CPU
		{3C67B858-5ADC-43A9-A01A-FFEC2A7D2E6D}.Release|Any CPU.ActiveCfg = Release|Any CPU
		{3C67B858-5ADC-43A9-A01A-FFEC2A7D2E6D}.Release|Any CPU.Build.0 = Release|Any CPU
		{E65907C3-F7DA-4C5B-91D3-55F905EC5439}.Debug|Any CPU.ActiveCfg = Debug|Any CPU
		{E65907C3-F7DA-4C5B-91D3-55F905EC5439}.Debug|Any CPU.Build.0 = Debug|Any CPU
		{E65907C3-F7DA-4C5B-91D3-55F905EC5439}.Release|Any CPU.ActiveCfg = Release|Any CPU
		{E65907C3-F7DA-4C5B-91D3-55F905EC5439}.Release|Any CPU.Build.0 = Release|Any CPU
		{73A83A3B-08F1-4031-881A-6DBF55849CB3}.Debug|Any CPU.ActiveCfg = Debug|Any CPU
		{73A83A3B-08F1-4031-881A-6DBF55849CB3}.Debug|Any CPU.Build.0 = Debug|Any CPU
		{73A83A3B-08F1-4031-881A-6DBF55849CB3}.Release|Any CPU.ActiveCfg = Release|Any CPU
		{73A83A3B-08F1-4031-881A-6DBF55849CB3}.Release|Any CPU.Build.0 = Release|Any CPU
	EndGlobalSection
	GlobalSection(SolutionProperties) = preSolution
		HideSolutionNode = FALSE
	EndGlobalSection
	GlobalSection(ExtensibilityGlobals) = postSolution
		SolutionGuid = {B700CC28-6A2E-4F64-9F25-FFA6D9EBA6DC}
	EndGlobalSection
EndGlobal
